
Microsoft Visual Studio Solution File, Format Version 12.00
# Visual Studio Version 17
VisualStudioVersion = 17.5.33502.453
MinimumVisualStudioVersion = 10.0.40219.1
Project("{FAE04EC0-301F-11D3-BF4B-00C04F79EFBC}") = "MSIT150Site", "MSIT150Site.csproj", "{8303F6C4-578B-4D9E-80DD-B42E0ED8CDF3}"
EndProject
Global
	GlobalSection(SolutionConfigurationPlatforms) = preSolution
		Debug|Any CPU = Debug|Any CPU
		Release|Any CPU = Release|Any CPU
	EndGlobalSection
	GlobalSection(ProjectConfigurationPlatforms) = postSolution
		{8303F6C4-578B-4D9E-80DD-B42E0ED8CDF3}.Debug|Any CPU.ActiveCfg = Debug|Any CPU
		{8303F6C4-578B-4D9E-80DD-B42E0ED8CDF3}.Debug|Any CPU.Build.0 = Debug|Any CPU
		{8303F6C4-578B-4D9E-80DD-B42E0ED8CDF3}.Release|Any CPU.ActiveCfg = Release|Any CPU
		{8303F6C4-578B-4D9E-80DD-B42E0ED8CDF3}.Release|Any CPU.Build.0 = Release|Any CPU
	EndGlobalSection
	GlobalSection(SolutionProperties) = preSolution
		HideSolutionNode = FALSE
	EndGlobalSection
	GlobalSection(ExtensibilityGlobals) = postSolution
		SolutionGuid = {FCFF356D-7886-433E-B89D-B560E8DDF216}
	EndGlobalSection
EndGlobal
